PODS:
  - FBSDKCoreKit (5.5.0):
    - FBSDKCoreKit/Basics (= 5.5.0)
    - FBSDKCoreKit/Core (= 5.5.0)
  - FBSDKCoreKit/Basics (5.5.0)
  - FBSDKCoreKit/Core (5.5.0):
    - FBSDKCoreKit/Basics
  - FBSDKLoginKit (5.5.0):
    - FBSDKCoreKit (~> 5.0)
  - Flutter (1.0.0)
  - flutter_facebook_login (0.0.1):
    - FBSDKCoreKit (= 5.5)
    - FBSDKLoginKit (= 5.5)
    - Flutter

DEPENDENCIES:
  - Flutter (from `/Users/richardogvt/Desktop/SDK/flutter/bin/cache/artifacts/engine/ios`)
  - flutter_facebook_login (from `/Users/richardogvt/Desktop/Source/plugin/flutter_facebook_login/ios`)

SPEC REPOS:
  trunk:
    - FBSDKCoreKit
    - FBSDKLoginKit

EXTERNAL SOURCES:
  Flutter:
    :path: "/Users/richardogvt/Desktop/SDK/flutter/bin/cache/artifacts/engine/ios"
  flutter_facebook_login:
    :path: "/Users/richardogvt/Desktop/Source/plugin/flutter_facebook_login/ios"

SPEC CHECKSUMS:
  FBSDKCoreKit: 7ade9cfea30eef2f6cf105a1aa904f89ea68fb7d
  FBSDKLoginKit: bb28062f24e79590c44ba03297ca9bea4b6436d2
  Flutter: 0e3d915762c693b495b44d77113d4970485de6ec
  flutter_facebook_login: 4d8130fbae893b8ec5262ee4ec77efe6cb8cefff

PODFILE CHECKSUM: 3098c51a7edbd004c9f2b45eca5eb135d6f3ff27

COCOAPODS: 1.9.0
